
Microsoft Visual Studio Solution File, Format Version 12.00
# Visual Studio Version 17
VisualStudioVersion = 17.0.31903.59
MinimumVisualStudioVersion = 10.0.40219.1
Project("{FAE04EC0-301F-11D3-BF4B-00C04F79EFBC}") = "API", "API\API.csproj", "{0AD32B9E-922B-4387-958C-04F0964C9ACC}"
EndProject
Project("{FAE04EC0-301F-11D3-BF4B-00C04F79EFBC}") = "Application", "Application\Application.csproj", "{746FC34E-D3AD-4803-BFA9-C0EC20580A78}"
EndProject
Project("{FAE04EC0-301F-11D3-BF4B-00C04F79EFBC}") = "Domain", "Domain\Domain.csproj", "{740875C1-36F7-45DF-B9A9-CEE2B22E68BE}"
EndProject
Project("{FAE04EC0-301F-11D3-BF4B-00C04F79EFBC}") = "Persistence", "Persistence\Persistence.csproj", "{C7281D5C-E0A7-4142-A912-6CD51ED205A3}"
EndProject
Global
	GlobalSection(SolutionConfigurationPlatforms) = preSolution
		Debug|Any CPU = Debug|Any CPU
		Release|Any CPU = Release|Any CPU
	EndGlobalSection
	GlobalSection(SolutionProperties) = preSolution
		HideSolutionNode = FALSE
	EndGlobalSection
	GlobalSection(ProjectConfigurationPlatforms) = postSolution
		{0AD32B9E-922B-4387-958C-04F0964C9ACC}.Debug|Any CPU.ActiveCfg = Debug|Any CPU
		{0AD32B9E-922B-4387-958C-04F0964C9ACC}.Debug|Any CPU.Build.0 = Debug|Any CPU
		{0AD32B9E-922B-4387-958C-04F0964C9ACC}.Release|Any CPU.ActiveCfg = Release|Any CPU
		{0AD32B9E-922B-4387-958C-04F0964C9ACC}.Release|Any CPU.Build.0 = Release|Any CPU
		{746FC34E-D3AD-4803-BFA9-C0EC20580A78}.Debug|Any CPU.ActiveCfg = Debug|Any CPU
		{746FC34E-D3AD-4803-BFA9-C0EC20580A78}.Debug|Any CPU.Build.0 = Debug|Any CPU
		{746FC34E-D3AD-4803-BFA9-C0EC20580A78}.Release|Any CPU.ActiveCfg = Release|Any CPU
		{746FC34E-D3AD-4803-BFA9-C0EC20580A78}.Release|Any CPU.Build.0 = Release|Any CPU
		{740875C1-36F7-45DF-B9A9-CEE2B22E68BE}.Debug|Any CPU.ActiveCfg = Debug|Any CPU
		{740875C1-36F7-45DF-B9A9-CEE2B22E68BE}.Debug|Any CPU.Build.0 = Debug|Any CPU
		{740875C1-36F7-45DF-B9A9-CEE2B22E68BE}.Release|Any CPU.ActiveCfg = Release|Any CPU
		{740875C1-36F7-45DF-B9A9-CEE2B22E68BE}.Release|Any CPU.Build.0 = Release|Any CPU
		{C7281D5C-E0A7-4142-A912-6CD51ED205A3}.Debug|Any CPU.ActiveCfg = Debug|Any CPU
		{C7281D5C-E0A7-4142-A912-6CD51ED205A3}.Debug|Any CPU.Build.0 = Debug|Any CPU
		{C7281D5C-E0A7-4142-A912-6CD51ED205A3}.Release|Any CPU.ActiveCfg = Release|Any CPU
		{C7281D5C-E0A7-4142-A912-6CD51ED205A3}.Release|Any CPU.Build.0 = Release|Any CPU
	EndGlobalSection
EndGlobal
